
Microsoft Visual Studio Solution File, Format Version 12.00
# Visual Studio Version 16
VisualStudioVersion = 16.0.33801.447
MinimumVisualStudioVersion = 10.0.40219.1
Project("{FAE04EC0-301F-11D3-BF4B-00C04F79EFBC}") = "JogoDaVelha", "JogoDaVelha\JogoDaVelha.csproj", "{C6050D19-74D3-4AE0-9703-B9605D5418BE}"
EndProject
Global
	GlobalSection(SolutionConfigurationPlatforms) = preSolution
		Debug|Any CPU = Debug|Any CPU
		Release|Any CPU = Release|Any CPU
	EndGlobalSection
	GlobalSection(ProjectConfigurationPlatforms) = postSolution
		{C6050D19-74D3-4AE0-9703-B9605D5418BE}.Debug|Any CPU.ActiveCfg = Debug|Any CPU
		{C6050D19-74D3-4AE0-9703-B9605D5418BE}.Debug|Any CPU.Build.0 = Debug|Any CPU
		{C6050D19-74D3-4AE0-9703-B9605D5418BE}.Release|Any CPU.ActiveCfg = Release|Any CPU
		{C6050D19-74D3-4AE0-9703-B9605D5418BE}.Release|Any CPU.Build.0 = Release|Any CPU
	EndGlobalSection
	GlobalSection(SolutionProperties) = preSolution
		HideSolutionNode = FALSE
	EndGlobalSection
	GlobalSection(ExtensibilityGlobals) = postSolution
		SolutionGuid = {4F7E31CB-6EFF-43F4-9BD8-AE0B43B537D4}
	EndGlobalSection
EndGlobal
